dependencies:
- name: kube-prometheus-stack
  repository: https://prometheus-community.github.io/helm-charts
  version: 48.3.1
- name: kibana
  repository: https://helm.elastic.co
  version: 7.17.3
- name: elasticsearch
  repository: https://helm.elastic.co
  version: 7.17.3
- name: fluentd
  repository: https://fluent.github.io/helm-charts
  version: 0.4.3
digest: sha256:36d10d0472214f7843c8c838edbb16fa44d1562058cb889a6a4304ce249e421c
generated: "2023-08-19T17:10:53.738249+09:00"
